
Microsoft Visual Studio Solution File, Format Version 12.00
# Visual Studio Version 17
VisualStudioVersion = 17.9.34714.143
MinimumVisualStudioVersion = 10.0.40219.1
Project("{FAE04EC0-301F-11D3-BF4B-00C04F79EFBC}") = "HoteliSever", "HoteliSever\HoteliSever.csproj", "{4FD6D29A-FB88-4365-B453-83558A95E6D8}"
EndProject
Global
	GlobalSection(SolutionConfigurationPlatforms) = preSolution
		Debug|Any CPU = Debug|Any CPU
		Release|Any CPU = Release|Any CPU
	EndGlobalSection
	GlobalSection(ProjectConfigurationPlatforms) = postSolution
		{4FD6D29A-FB88-4365-B453-83558A95E6D8}.Debug|Any CPU.ActiveCfg = Debug|Any CPU
		{4FD6D29A-FB88-4365-B453-83558A95E6D8}.Debug|Any CPU.Build.0 = Debug|Any CPU
		{4FD6D29A-FB88-4365-B453-83558A95E6D8}.Release|Any CPU.ActiveCfg = Release|Any CPU
		{4FD6D29A-FB88-4365-B453-83558A95E6D8}.Release|Any CPU.Build.0 = Release|Any CPU
	EndGlobalSection
	GlobalSection(SolutionProperties) = preSolution
		HideSolutionNode = FALSE
	EndGlobalSection
	GlobalSection(ExtensibilityGlobals) = postSolution
		SolutionGuid = {1B0C599D-EC95-4FA2-B5EA-5E0A235760E0}
	EndGlobalSection
EndGlobal
