
Microsoft Visual Studio Solution File, Format Version 12.00
# Visual Studio Version 17
VisualStudioVersion = 17.9.34701.34
MinimumVisualStudioVersion = 10.0.40219.1
Project("{FAE04EC0-301F-11D3-BF4B-00C04F79EFBC}") = "HotelServer", "HotelServer.csproj", "{C3758955-5455-4E89-B94F-DD28395F7D6A}"
EndProject
Global
	GlobalSection(SolutionConfigurationPlatforms) = preSolution
		Debug|Any CPU = Debug|Any CPU
		Release|Any CPU = Release|Any CPU
	EndGlobalSection
	GlobalSection(ProjectConfigurationPlatforms) = postSolution
		{C3758955-5455-4E89-B94F-DD28395F7D6A}.Debug|Any CPU.ActiveCfg = Debug|Any CPU
		{C3758955-5455-4E89-B94F-DD28395F7D6A}.Debug|Any CPU.Build.0 = Debug|Any CPU
		{C3758955-5455-4E89-B94F-DD28395F7D6A}.Release|Any CPU.ActiveCfg = Release|Any CPU
		{C3758955-5455-4E89-B94F-DD28395F7D6A}.Release|Any CPU.Build.0 = Release|Any CPU
	EndGlobalSection
	GlobalSection(SolutionProperties) = preSolution
		HideSolutionNode = FALSE
	EndGlobalSection
	GlobalSection(ExtensibilityGlobals) = postSolution
		SolutionGuid = {2A4B61D0-CC7F-4046-A4AD-DCAB54BF1A19}
	EndGlobalSection
EndGlobal
